
Microsoft Visual Studio Solution File, Format Version 12.00
# Visual Studio Version 16
VisualStudioVersion = 16.0.29613.14
MinimumVisualStudioVersion = 10.0.40219.1
Project("{FAE04EC0-301F-11D3-BF4B-00C04F79EFBC}") = "PlaceMyBet", "PlaceMyBet.csproj", "{61978F20-7C8F-41DB-9B88-2B4C00BE116E}"
EndProject
Global
	GlobalSection(SolutionConfigurationPlatforms) = preSolution
		Debug|Any CPU = Debug|Any CPU
		Release|Any CPU = Release|Any CPU
	EndGlobalSection
	GlobalSection(ProjectConfigurationPlatforms) = postSolution
		{61978F20-7C8F-41DB-9B88-2B4C00BE116E}.Debug|Any CPU.ActiveCfg = Debug|Any CPU
		{61978F20-7C8F-41DB-9B88-2B4C00BE116E}.Debug|Any CPU.Build.0 = Debug|Any CPU
		{61978F20-7C8F-41DB-9B88-2B4C00BE116E}.Release|Any CPU.ActiveCfg = Release|Any CPU
		{61978F20-7C8F-41DB-9B88-2B4C00BE116E}.Release|Any CPU.Build.0 = Release|Any CPU
	EndGlobalSection
	GlobalSection(SolutionProperties) = preSolution
		HideSolutionNode = FALSE
	EndGlobalSection
	GlobalSection(ExtensibilityGlobals) = postSolution
		SolutionGuid = {557FADD4-E5E1-4DBB-9891-5EA739E8A13E}
	EndGlobalSection
EndGlobal
