
Microsoft Visual Studio Solution File, Format Version 12.00
# Visual Studio Version 16
VisualStudioVersion = 16.0.29613.14
MinimumVisualStudioVersion = 10.0.40219.1
Project("{FAE04EC0-301F-11D3-BF4B-00C04F79EFBC}") = "WebApplication1", "WebApplication1.csproj", "{22A9A6EC-9B9C-4DAD-885F-9B7BBCD790D2}"
EndProject
Global
	GlobalSection(SolutionConfigurationPlatforms) = preSolution
		Debug|Any CPU = Debug|Any CPU
		Release|Any CPU = Release|Any CPU
	EndGlobalSection
	GlobalSection(ProjectConfigurationPlatforms) = postSolution
		{22A9A6EC-9B9C-4DAD-885F-9B7BBCD790D2}.Debug|Any CPU.ActiveCfg = Debug|Any CPU
		{22A9A6EC-9B9C-4DAD-885F-9B7BBCD790D2}.Debug|Any CPU.Build.0 = Debug|Any CPU
		{22A9A6EC-9B9C-4DAD-885F-9B7BBCD790D2}.Release|Any CPU.ActiveCfg = Release|Any CPU
		{22A9A6EC-9B9C-4DAD-885F-9B7BBCD790D2}.Release|Any CPU.Build.0 = Release|Any CPU
	EndGlobalSection
	GlobalSection(SolutionProperties) = preSolution
		HideSolutionNode = FALSE
	EndGlobalSection
	GlobalSection(ExtensibilityGlobals) = postSolution
		SolutionGuid = {85E6E932-DFA4-4452-87A0-2C21A600E06B}
	EndGlobalSection
EndGlobal
